<?xml version="1.0" encoding="UTF-8" standalone="yes" ?>
<CodeBlocks_project_file>
	<FileVersion major="1" minor="6" />
	<Project>
		<Option title="WinQuake" />
		<Option pch_mode="2" />
		<Option compiler="gcc" />
		<Build>
			<Target title="Win32 GL Debug">
				<Option output="..\..\qmb-debug" prefix_auto="1" extension_auto="1" />
				<Option object_output=".\debug_gl" />
				<Option type="0" />
				<Option compiler="gcc" />
				<Compiler>
					<Add option="-mcpu=pentium -D_M_IX86=500" />
					<Add option="-fexceptions" />
					<Add option="-g" />
					<Add option="-DWIN32" />
					<Add option="-D_DEBUG" />
					<Add option="-D_WINDOWS" />
					<Add option="-DGLQUAKE" />
					<Add directory=".\scitech\include" />
					<Add directory=".\dxsdk\sdk\inc" />
					<Add directory="C:\Program Files\j2sdk1.4.2\include" />
					<Add directory="C:\Program Files\j2sdk1.4.2\include\win32" />
				</Compiler>
				<Linker>
					<Add library="winmm" />
					<Add library="wsock32" />
					<Add library="opengl32" />
					<Add library="glu32" />
					<Add library="kernel32" />
					<Add library="user32" />
					<Add library="gdi32" />
					<Add library="winspool" />
					<Add library="comdlg32" />
					<Add library="advapi32" />
					<Add library="shell32" />
					<Add library="ole32" />
					<Add library="oleaut32" />
					<Add library="uuid" />
					<Add library="odbc32" />
					<Add library="odbccp32" />
					<Add library=".\scitech\lib\win32\vc\mgllt" />
					<Add library=".\dxsdk\sdk\lib\dxguid" />
					<Add library="comctl32" />
					<Add library="jpeg" />
					<Add library="libpng" />
					<Add library='&quot;C:\Program Files\j2sdk1.4.2\lib\jvm' />
				</Linker>
			</Target>
			<Target title="Win32 GL Release">
				<Option output="..\..\qmb-V1" prefix_auto="1" extension_auto="1" />
				<Option object_output=".\release_gl" />
				<Option type="0" />
				<Option compiler="gcc" />
				<Compiler>
					<Add option="-mcpu=pentium -D_M_IX86=500" />
					<Add option="-fexceptions" />
					<Add option="-DWIN32" />
					<Add option="-DNDEBUG" />
					<Add option="-D_WINDOWS" />
					<Add option="-mcpu=pentiumpro -D_M_IX86=600" />
					<Add option="-W" />
					<Add option="-DGLQUAKE" />
					<Add directory=".\scitech\include" />
					<Add directory=".\dxsdk\sdk\inc" />
					<Add directory="C:\Program Files\j2sdk1.4.2\include" />
					<Add directory="C:\Program Files\j2sdk1.4.2\include\win32" />
				</Compiler>
				<Linker>
					<Add library="winmm" />
					<Add library="wsock32" />
					<Add library="opengl32" />
					<Add library="glu32" />
					<Add library="kernel32" />
					<Add library="user32" />
					<Add library="gdi32" />
					<Add library="winspool" />
					<Add library="comdlg32" />
					<Add library="advapi32" />
					<Add library="shell32" />
					<Add library="ole32" />
					<Add library="oleaut32" />
					<Add library="uuid" />
					<Add library="odbc32" />
					<Add library="odbccp32" />
					<Add library=".\scitech\lib\win32\vc\mgllt" />
					<Add library=".\dxsdk\sdk\lib\dxguid" />
					<Add library="jpeg" />
					<Add library="libpng" />
				</Linker>
			</Target>
			<Target title="Win32 GL Release Profile">
				<Option output="..\..\qmb-V1" prefix_auto="1" extension_auto="1" />
				<Option object_output="winquake___Win32_GL_Release_Profile" />
				<Option type="0" />
				<Option compiler="gcc" />
				<Compiler>
					<Add option="-mcpu=pentiumpro -D_M_IX86=600" />
					<Add option="-W" />
					<Add option="-fexceptions" />
					<Add option="-DWIN32" />
					<Add option="-DNDEBUG" />
					<Add option="-D_WINDOWS" />
					<Add option="-DGLQUAKE" />
					<Add option="-O2" />
					<Add directory=".\dxsdk\sdk\inc" />
					<Add directory="C:\Program Files\j2sdk1.4.2\include" />
					<Add directory="C:\Program Files\j2sdk1.4.2\include\win32" />
				</Compiler>
				<Linker>
					<Add option="-Map ../../qmb-V1.map.map" />
					<Add library="user32" />
					<Add library="gdi32" />
					<Add library="opengl32" />
					<Add library="glu32" />
					<Add library="wsock32" />
					<Add library="winmm" />
					<Add library="comctl32" />
					<Add library=".\dxsdk\sdk\lib\dxguid" />
					<Add library="jpeg" />
					<Add library="libpng" />
				</Linker>
			</Target>
		</Build>
		<Unit filename="cl_demo.c">
			<Option compilerVar="CC" />
		</Unit>
		<Unit filename="cl_input.c">
			<Option compilerVar="CC" />
		</Unit>
		<Unit filename="cl_main.c">
			<Option compilerVar="CC" />
		</Unit>
		<Unit filename="cl_parse.c">
			<Option compilerVar="CC" />
		</Unit>
		<Unit filename="cl_tent.c">
			<Option compilerVar="CC" />
		</Unit>
		<Unit filename="sv_main.c">
			<Option compilerVar="CC" />
		</Unit>
		<Unit filename="sv_move.c">
			<Option compilerVar="CC" />
		</Unit>
		<Unit filename="sv_phys.c">
			<Option compilerVar="CC" />
		</Unit>
		<Unit filename="sv_user.c">
			<Option compilerVar="CC" />
		</Unit>
		<Unit filename="net_dgrm.c">
			<Option compilerVar="CC" />
		</Unit>
		<Unit filename="net_loop.c">
			<Option compilerVar="CC" />
		</Unit>
		<Unit filename="net_main.c">
			<Option compilerVar="CC" />
		</Unit>
		<Unit filename="net_win.c">
			<Option compilerVar="CC" />
		</Unit>
		<Unit filename="net_wins.c">
			<Option compilerVar="CC" />
		</Unit>
		<Unit filename="net_wipx.c">
			<Option compilerVar="CC" />
		</Unit>
		<Unit filename="host.c">
			<Option compilerVar="CC" />
		</Unit>
		<Unit filename="host_cmd.c">
			<Option compilerVar="CC" />
		</Unit>
		<Unit filename="java_callback.c">
			<Option compilerVar="CC" />
		</Unit>
		<Unit filename="java_setup.c">
			<Option compilerVar="CC" />
		</Unit>
		<Unit filename="pr_cmds.c">
			<Option compilerVar="CC" />
		</Unit>
		<Unit filename="pr_edict.c">
			<Option compilerVar="CC" />
		</Unit>
		<Unit filename="pr_exec.c">
			<Option compilerVar="CC" />
		</Unit>
		<Unit filename="bot.c">
			<Option compilerVar="CC" />
		</Unit>
		<Unit filename="gl_draw.c">
			<Option compilerVar="CC" />
		</Unit>
		<Unit filename="gl_hud.c">
			<Option compilerVar="CC" />
			<Option target="Win32 GL Debug" />
			<Option target="Win32 GL Release Profile" />
		</Unit>
		<Unit filename="gl_jpg.c">
			<Option compilerVar="CC" />
		</Unit>
		<Unit filename="gl_md3.c">
			<Option compilerVar="CC" />
		</Unit>
		<Unit filename="gl_mesh.c">
			<Option compilerVar="CC" />
		</Unit>
		<Unit filename="gl_model.c">
			<Option compilerVar="CC" />
		</Unit>
		<Unit filename="gl_pcx.c">
			<Option compilerVar="CC" />
		</Unit>
		<Unit filename="gl_png.c">
			<Option compilerVar="CC" />
		</Unit>
		<Unit filename="gl_refrag.c">
			<Option compilerVar="CC" />
		</Unit>
		<Unit filename="gl_renderworld.c">
			<Option compilerVar="CC" />
		</Unit>
		<Unit filename="gl_rlight.c">
			<Option compilerVar="CC" />
		</Unit>
		<Unit filename="gl_rmain.c">
			<Option compilerVar="CC" />
		</Unit>
		<Unit filename="gl_rmisc.c">
			<Option compilerVar="CC" />
		</Unit>
		<Unit filename="gl_rpart.c">
			<Option compilerVar="CC" />
		</Unit>
		<Unit filename="gl_rsurf.c">
			<Option compilerVar="CC" />
		</Unit>
		<Unit filename="gl_screen.c">
			<Option compilerVar="CC" />
		</Unit>
		<Unit filename="gl_sprite.c">
			<Option compilerVar="CC" />
		</Unit>
		<Unit filename="gl_tga.c">
			<Option compilerVar="CC" />
		</Unit>
		<Unit filename="gl_vidnt.c">
			<Option compilerVar="CC" />
		</Unit>
		<Unit filename="gl_warp.c">
			<Option compilerVar="CC" />
		</Unit>
		<Unit filename="cd_win.c">
			<Option compilerVar="CC" />
		</Unit>
		<Unit filename="snd_dma.c">
			<Option compilerVar="CC" />
		</Unit>
		<Unit filename="snd_mem.c">
			<Option compilerVar="CC" />
		</Unit>
		<Unit filename="snd_mix.c">
			<Option compilerVar="CC" />
		</Unit>
		<Unit filename="snd_win.c">
			<Option compilerVar="CC" />
		</Unit>
		<Unit filename="chase.c">
			<Option compilerVar="CC" />
		</Unit>
		<Unit filename="cmd.c">
			<Option compilerVar="CC" />
		</Unit>
		<Unit filename="common.c">
			<Option compilerVar="CC" />
		</Unit>
		<Unit filename="conproc.c">
			<Option compilerVar="CC" />
		</Unit>
		<Unit filename="console.c">
			<Option compilerVar="CC" />
		</Unit>
		<Unit filename="crc.c">
			<Option compilerVar="CC" />
		</Unit>
		<Unit filename="cvar.c">
			<Option compilerVar="CC" />
		</Unit>
		<Unit filename="in_win.c">
			<Option compilerVar="CC" />
		</Unit>
		<Unit filename="keys.c">
			<Option compilerVar="CC" />
		</Unit>
		<Unit filename="mathlib.c">
			<Option compilerVar="CC" />
		</Unit>
		<Unit filename="menu.c">
			<Option compilerVar="CC" />
		</Unit>
		<Unit filename="sbar.c">
			<Option compilerVar="CC" />
		</Unit>
		<Unit filename="sys_win.c">
			<Option compilerVar="CC" />
		</Unit>
		<Unit filename="view.c">
			<Option compilerVar="CC" />
		</Unit>
		<Unit filename="wad.c">
			<Option compilerVar="CC" />
		</Unit>
		<Unit filename="world.c">
			<Option compilerVar="CC" />
		</Unit>
		<Unit filename="zone.c">
			<Option compilerVar="CC" />
		</Unit>
		<Unit filename="CaptureAvi.cpp" />
		<Unit filename="CaptureHelpers.c">
			<Option compilerVar="CC" />
		</Unit>
		<Unit filename="CaptureHelpers.h" />
		<Unit filename="ICapture.h" />
		<Unit filename="particles.txt" />
		<Unit filename="progdefs.q1" />
		<Unit filename="QMB-Version.txt" />
		<Unit filename="QMB_MOD_Version.txt" />
		<Unit filename="quake.ico" />
		<Unit filename="winquake.rc">
			<Option compilerVar="WINDRES" />
		</Unit>
		<Unit filename="anorm_dots.h" />
		<Unit filename="anorms.h" />
		<Unit filename="..\..\..\..\Program Files\Microsoft Visual Studio\VC98\Include\BASETSD.H" />
		<Unit filename="bot.h" />
		<Unit filename="bspfile.h" />
		<Unit filename="cdaudio.h" />
		<Unit filename="client.h" />
		<Unit filename="cmd.h" />
		<Unit filename="common.h" />
		<Unit filename="conproc.h" />
		<Unit filename="console.h" />
		<Unit filename="crc.h" />
		<Unit filename="cvar.h" />
		<Unit filename="draw.h" />
		<Unit filename="functions.h" />
		<Unit filename="gl_md3.h" />
		<Unit filename="gl_model.h" />
		<Unit filename="gl_rpart.h" />
		<Unit filename="gl_warp_sin.h" />
		<Unit filename="glquake.h" />
		<Unit filename="input.h" />
		<Unit filename="java_vm.h" />
		<Unit filename="keys.h" />
		<Unit filename="mathlib.h" />
		<Unit filename="menu.h" />
		<Unit filename="modelgen.h" />
		<Unit filename="net.h" />
		<Unit filename="net_dgrm.h" />
		<Unit filename="net_loop.h" />
		<Unit filename="net_ser.h" />
		<Unit filename="net_wins.h" />
		<Unit filename="net_wipx.h" />
		<Unit filename="pr_comp.h" />
		<Unit filename="progdefs.h" />
		<Unit filename="progs.h" />
		<Unit filename="protocol.h" />
		<Unit filename="quakedef.h" />
		<Unit filename="render.h" />
		<Unit filename="sbar.h" />
		<Unit filename="screen.h" />
		<Unit filename="server.h" />
		<Unit filename="sound.h" />
		<Unit filename="spritegn.h" />
		<Unit filename="sys.h" />
		<Unit filename="vid.h" />
		<Unit filename="view.h" />
		<Unit filename="wad.h" />
		<Unit filename="winquake.h" />
		<Unit filename="world.h" />
		<Unit filename="zone.h" />
		<Unit filename="func_cover.txt" />
		<Unit filename="profile1.txt" />
		<Unit filename="profile11.txt" />
		<Unit filename="profile12.txt" />
		<Unit filename="profile13.txt" />
		<Unit filename="profile14.txt" />
		<Unit filename="profile15.txt" />
		<Unit filename="profile16.txt" />
		<Unit filename="profile2.txt" />
		<Unit filename="profile3.txt" />
		<Unit filename="profile4.txt" />
		<Unit filename="profile5.txt" />
		<Unit filename="profile6.txt" />
		<Unit filename="profile7.txt" />
		<Unit filename="profile8.txt" />
		<Unit filename="profile9.txt" />
		<Unit filename="proflie10.txt" />
		<Extensions>
			<code_completion />
			<debugger />
		</Extensions>
	</Project>
</CodeBlocks_project_file>
